
Microsoft Visual Studio Solution File, Format Version 12.00
# Visual Studio 15
VisualStudioVersion = 15.0.27130.2010
MinimumVisualStudioVersion = 10.0.40219.1
Project("{FAE04EC0-301F-11D3-BF4B-00C04F79EFBC}") = "Logger", "Logger\Logger.csproj", "{0868A871-1792-4D00-86B1-7C96EB5A515A}"
EndProject
Project("{FAE04EC0-301F-11D3-BF4B-00C04F79EFBC}") = "ImgScanner", "ImgScanner\ImgScanner.csproj", "{D9D1140F-890F-4F72-9864-EBB6E17153BF}"
EndProject
Project("{FAE04EC0-301F-11D3-BF4B-00C04F79EFBC}") = "Common", "Common\Common.csproj", "{E2A75BAF-4C96-4935-995B-02142B86095D}"
EndProject
Project("{FAE04EC0-301F-11D3-BF4B-00C04F79EFBC}") = "CentralServiceReceiver", "CentralServiceReceiver\CentralServiceReceiver.csproj", "{909CBDC1-9DD9-4A3A-B9DC-2FB009825589}"
EndProject
Global
	GlobalSection(SolutionConfigurationPlatforms) = preSolution
		Debug|Any CPU = Debug|Any CPU
		Release|Any CPU = Release|Any CPU
	EndGlobalSection
	GlobalSection(ProjectConfigurationPlatforms) = postSolution
		{0868A871-1792-4D00-86B1-7C96EB5A515A}.Debug|Any CPU.ActiveCfg = Debug|Any CPU
		{0868A871-1792-4D00-86B1-7C96EB5A515A}.Debug|Any CPU.Build.0 = Debug|Any CPU
		{0868A871-1792-4D00-86B1-7C96EB5A515A}.Release|Any CPU.ActiveCfg = Release|Any CPU
		{0868A871-1792-4D00-86B1-7C96EB5A515A}.Release|Any CPU.Build.0 = Release|Any CPU
		{D9D1140F-890F-4F72-9864-EBB6E17153BF}.Debug|Any CPU.ActiveCfg = Debug|Any CPU
		{D9D1140F-890F-4F72-9864-EBB6E17153BF}.Debug|Any CPU.Build.0 = Debug|Any CPU
		{D9D1140F-890F-4F72-9864-EBB6E17153BF}.Release|Any CPU.ActiveCfg = Release|Any CPU
		{D9D1140F-890F-4F72-9864-EBB6E17153BF}.Release|Any CPU.Build.0 = Release|Any CPU
		{E2A75BAF-4C96-4935-995B-02142B86095D}.Debug|Any CPU.ActiveCfg = Debug|Any CPU
		{E2A75BAF-4C96-4935-995B-02142B86095D}.Debug|Any CPU.Build.0 = Debug|Any CPU
		{E2A75BAF-4C96-4935-995B-02142B86095D}.Release|Any CPU.ActiveCfg = Release|Any CPU
		{E2A75BAF-4C96-4935-995B-02142B86095D}.Release|Any CPU.Build.0 = Release|Any CPU
		{909CBDC1-9DD9-4A3A-B9DC-2FB009825589}.Debug|Any CPU.ActiveCfg = Debug|Any CPU
		{909CBDC1-9DD9-4A3A-B9DC-2FB009825589}.Debug|Any CPU.Build.0 = Debug|Any CPU
		{909CBDC1-9DD9-4A3A-B9DC-2FB009825589}.Release|Any CPU.ActiveCfg = Release|Any CPU
		{909CBDC1-9DD9-4A3A-B9DC-2FB009825589}.Release|Any CPU.Build.0 = Release|Any CPU
	EndGlobalSection
	GlobalSection(SolutionProperties) = preSolution
		HideSolutionNode = FALSE
	EndGlobalSection
	GlobalSection(ExtensibilityGlobals) = postSolution
		SolutionGuid = {98D5977B-BDE8-4014-A4D3-665E0FC6B062}
	EndGlobalSection
EndGlobal
